
Microsoft Visual Studio Solution File, Format Version 12.00
# Visual Studio 15
VisualStudioVersion = 15.0.28307.960
MinimumVisualStudioVersion = 10.0.40219.1
Project("{FAE04EC0-301F-11D3-BF4B-00C04F79EFBC}") = "pip-os", "pip-os\pip-os.csproj", "{DB4E4F8F-1AFC-4DAB-881B-82CA02EEA518}"
EndProject
Global
	GlobalSection(SolutionConfigurationPlatforms) = preSolution
		Debug|Any CPU = Debug|Any CPU
		Release|Any CPU = Release|Any CPU
	EndGlobalSection
	GlobalSection(ProjectConfigurationPlatforms) = postSolution
		{DB4E4F8F-1AFC-4DAB-881B-82CA02EEA518}.Debug|Any CPU.ActiveCfg = Debug|Any CPU
		{DB4E4F8F-1AFC-4DAB-881B-82CA02EEA518}.Debug|Any CPU.Build.0 = Debug|Any CPU
		{DB4E4F8F-1AFC-4DAB-881B-82CA02EEA518}.Release|Any CPU.ActiveCfg = Release|Any CPU
		{DB4E4F8F-1AFC-4DAB-881B-82CA02EEA518}.Release|Any CPU.Build.0 = Release|Any CPU
	EndGlobalSection
	GlobalSection(SolutionProperties) = preSolution
		HideSolutionNode = FALSE
	EndGlobalSection
	GlobalSection(ExtensibilityGlobals) = postSolution
		SolutionGuid = {3A0EB15C-44F9-4F9C-B622-D1F0085177F8}
	EndGlobalSection
EndGlobal
